<?xml version="1.0" encoding="utf-8"?>
<Project ToolsVersion="4.0" xmlns="http://schemas.microsoft.com/developer/msbuild/2003">
  <ItemGroup>
    <Filter Include="src">
      <UniqueIdentifier>{0afe1f4c-a089-43f2-9880-9653e3e32383}</UniqueIdentifier>
    </Filter>
    <Filter Include="shader">
      <UniqueIdentifier>{9598472a-f3af-468e-b477-a16a6fc8fb2d}</UniqueIdentifier>
    </Filter>
    <Filter Include="include">
      <UniqueIdentifier>{68ac1930-7cbf-408a-97bd-650bca509cb8}</UniqueIdentifier>
    </Filter>
    <Filter Include="common">
      <UniqueIdentifier>{f6ca8598-a130-41b5-b42f-df4436dfe2ed}</UniqueIdentifier>
    </Filter>
    <Filter Include="shader\terrain">
      <UniqueIdentifier>{66eca537-9340-43e2-9984-c67e93979b80}</UniqueIdentifier>
    </Filter>
    <Filter Include="shader\obj">
      <UniqueIdentifier>{76ddbddf-ebc7-4da5-aef4-f80ddca51978}</UniqueIdentifier>
    </Filter>
    <Filter Include="common\xml">
      <UniqueIdentifier>{b4f1cf8f-d9e9-4a0b-a817-e5928ed8da30}</UniqueIdentifier>
    </Filter>
  </ItemGroup>
  <ItemGroup>
    <ClInclude Include="..\src_common\Bmp.h">
      <Filter>common</Filter>
    </ClInclude>
    <ClInclude Include="..\src_common\core.h">
      <Filter>common</Filter>
    </ClInclude>
    <ClInclude Include="..\src_common\glsl.h">
      <Filter>common</Filter>
    </ClInclude>
    <ClInclude Include="..\src_common\ogl.h">
      <Filter>common</Filter>
    </ClInclude>
    <ClInclude Include="..\include\glew.h">
      <Filter>include</Filter>
    </ClInclude>
    <ClInclude Include="..\include\glsl.h">
      <Filter>include</Filter>
    </ClInclude>
    <ClInclude Include="..\include\glxew.h">
      <Filter>include</Filter>
    </ClInclude>
    <ClInclude Include="..\include\wglew.h">
      <Filter>include</Filter>
    </ClInclude>
    <ClInclude Include="..\src_common\Obj.h">
      <Filter>common</Filter>
    </ClInclude>
    <ClInclude Include="..\src_common\xml\tinystr.h">
      <Filter>common\xml</Filter>
    </ClInclude>
    <ClInclude Include="..\src_common\xml\tinyxml.h">
      <Filter>common\xml</Filter>
    </ClInclude>
  </ItemGroup>
  <ItemGroup>
    <ClCompile Include="Main.cpp">
      <Filter>src</Filter>
    </ClCompile>
    <ClCompile Include="..\src_common\Bmp.cpp">
      <Filter>common</Filter>
    </ClCompile>
    <ClCompile Include="..\include\glew.cpp">
      <Filter>include</Filter>
    </ClCompile>
    <ClCompile Include="..\src_common\xml\tinystr.cpp">
      <Filter>common\xml</Filter>
    </ClCompile>
    <ClCompile Include="..\src_common\xml\tinyxml.cpp">
      <Filter>common\xml</Filter>
    </ClCompile>
    <ClCompile Include="..\src_common\xml\tinyxmlerror.cpp">
      <Filter>common\xml</Filter>
    </ClCompile>
    <ClCompile Include="..\src_common\xml\tinyxmlparser.cpp">
      <Filter>common\xml</Filter>
    </ClCompile>
    <ClCompile Include="..\src_common\core.cpp">
      <Filter>common</Filter>
    </ClCompile>
  </ItemGroup>
  <ItemGroup>
    <None Include="..\shader\obj\frag.txt">
      <Filter>shader\obj</Filter>
    </None>
    <None Include="..\shader\obj\vs.txt">
      <Filter>shader\obj</Filter>
    </None>
    <None Include="..\shader\terrain\frag.txt">
      <Filter>shader\terrain</Filter>
    </None>
    <None Include="..\shader\terrain\vs.txt">
      <Filter>shader\terrain</Filter>
    </None>
  </ItemGroup>
</Project>